
Microsoft Visual Studio Solution File, Format Version 12.00
# Visual Studio Version 17
VisualStudioVersion = 17.10.34928.147
MinimumVisualStudioVersion = 10.0.40219.1
Project("{9A19103F-16F7-4668-BE54-9A1E7A4F7556}") = "ComputerCheker", "ComputerCheker.csproj", "{A8CF1CE2-4063-4C8D-BC34-A592D3C82737}"
EndProject
Project("{9A19103F-16F7-4668-BE54-9A1E7A4F7556}") = "ComputerCheker.DAL", "..\ComputerCheker.DAL\ComputerCheker.DAL.csproj", "{80AD9A0B-F87C-4EF6-BBEF-6EE3ADF74772}"
EndProject
Project("{FAE04EC0-301F-11D3-BF4B-00C04F79EFBC}") = "ComputerCheker.Interfaces", "..\ComputerCheker.Interfaces\ComputerCheker.Interfaces.csproj", "{7FC3BE4F-12B7-4AE2-BD15-6890343C7857}"
EndProject
Global
	GlobalSection(SolutionConfigurationPlatforms) = preSolution
		Debug|Any CPU = Debug|Any CPU
		Release|Any CPU = Release|Any CPU
	EndGlobalSection
	GlobalSection(ProjectConfigurationPlatforms) = postSolution
		{A8CF1CE2-4063-4C8D-BC34-A592D3C82737}.Debug|Any CPU.ActiveCfg = Debug|Any CPU
		{A8CF1CE2-4063-4C8D-BC34-A592D3C82737}.Debug|Any CPU.Build.0 = Debug|Any CPU
		{A8CF1CE2-4063-4C8D-BC34-A592D3C82737}.Release|Any CPU.ActiveCfg = Release|Any CPU
		{A8CF1CE2-4063-4C8D-BC34-A592D3C82737}.Release|Any CPU.Build.0 = Release|Any CPU
		{80AD9A0B-F87C-4EF6-BBEF-6EE3ADF74772}.Debug|Any CPU.ActiveCfg = Debug|Any CPU
		{80AD9A0B-F87C-4EF6-BBEF-6EE3ADF74772}.Debug|Any CPU.Build.0 = Debug|Any CPU
		{80AD9A0B-F87C-4EF6-BBEF-6EE3ADF74772}.Release|Any CPU.ActiveCfg = Release|Any CPU
		{80AD9A0B-F87C-4EF6-BBEF-6EE3ADF74772}.Release|Any CPU.Build.0 = Release|Any CPU
		{7FC3BE4F-12B7-4AE2-BD15-6890343C7857}.Debug|Any CPU.ActiveCfg = Debug|Any CPU
		{7FC3BE4F-12B7-4AE2-BD15-6890343C7857}.Debug|Any CPU.Build.0 = Debug|Any CPU
		{7FC3BE4F-12B7-4AE2-BD15-6890343C7857}.Release|Any CPU.ActiveCfg = Release|Any CPU
		{7FC3BE4F-12B7-4AE2-BD15-6890343C7857}.Release|Any CPU.Build.0 = Release|Any CPU
	EndGlobalSection
	GlobalSection(SolutionProperties) = preSolution
		HideSolutionNode = FALSE
	EndGlobalSection
	GlobalSection(ExtensibilityGlobals) = postSolution
		SolutionGuid = {E3E309E2-7DB0-4A81-92DC-4280CD2BFA65}
	EndGlobalSection
EndGlobal
